
Microsoft Visual Studio Solution File, Format Version 12.00
# Visual Studio Version 16
VisualStudioVersion = 16.0.30503.244
MinimumVisualStudioVersion = 10.0.40219.1
Project("{FAE04EC0-301F-11D3-BF4B-00C04F79EFBC}") = "AnketniSustavZaKucanstvoLibrary", "AnketniSustavZaKucanstvoLibrary\AnketniSustavZaKucanstvoLibrary.csproj", "{E17168B7-3167-474B-A7CA-2C692BF11FE1}"
EndProject
Project("{FAE04EC0-301F-11D3-BF4B-00C04F79EFBC}") = "AnketniSustavZaKucanstvoMVC", "AnketniSustavZaKucanstvoMVC\AnketniSustavZaKucanstvoMVC.csproj", "{D8DD6E1A-0002-4D9E-9C25-714450C2FC6A}"
EndProject
Project("{FAE04EC0-301F-11D3-BF4B-00C04F79EFBC}") = "AnketniSustavZaKucanstvoConsole", "AnketniSustavZaKucanstvoConsole\AnketniSustavZaKucanstvoConsole.csproj", "{775DB8BE-B8D5-470F-BC9D-2ABACBC31EEC}"
EndProject
Global
	GlobalSection(SolutionConfigurationPlatforms) = preSolution
		Debug|Any CPU = Debug|Any CPU
		Release|Any CPU = Release|Any CPU
	EndGlobalSection
	GlobalSection(ProjectConfigurationPlatforms) = postSolution
		{E17168B7-3167-474B-A7CA-2C692BF11FE1}.Debug|Any CPU.ActiveCfg = Debug|Any CPU
		{E17168B7-3167-474B-A7CA-2C692BF11FE1}.Debug|Any CPU.Build.0 = Debug|Any CPU
		{E17168B7-3167-474B-A7CA-2C692BF11FE1}.Release|Any CPU.ActiveCfg = Release|Any CPU
		{E17168B7-3167-474B-A7CA-2C692BF11FE1}.Release|Any CPU.Build.0 = Release|Any CPU
		{D8DD6E1A-0002-4D9E-9C25-714450C2FC6A}.Debug|Any CPU.ActiveCfg = Debug|Any CPU
		{D8DD6E1A-0002-4D9E-9C25-714450C2FC6A}.Debug|Any CPU.Build.0 = Debug|Any CPU
		{D8DD6E1A-0002-4D9E-9C25-714450C2FC6A}.Release|Any CPU.ActiveCfg = Release|Any CPU
		{D8DD6E1A-0002-4D9E-9C25-714450C2FC6A}.Release|Any CPU.Build.0 = Release|Any CPU
		{775DB8BE-B8D5-470F-BC9D-2ABACBC31EEC}.Debug|Any CPU.ActiveCfg = Debug|Any CPU
		{775DB8BE-B8D5-470F-BC9D-2ABACBC31EEC}.Debug|Any CPU.Build.0 = Debug|Any CPU
		{775DB8BE-B8D5-470F-BC9D-2ABACBC31EEC}.Release|Any CPU.ActiveCfg = Release|Any CPU
		{775DB8BE-B8D5-470F-BC9D-2ABACBC31EEC}.Release|Any CPU.Build.0 = Release|Any CPU
	EndGlobalSection
	GlobalSection(SolutionProperties) = preSolution
		HideSolutionNode = FALSE
	EndGlobalSection
	GlobalSection(ExtensibilityGlobals) = postSolution
		SolutionGuid = {C66F1A62-C996-4172-8CAD-F936B022259D}
	EndGlobalSection
EndGlobal
